
Microsoft Visual Studio Solution File, Format Version 12.00
# Visual Studio Version 17
VisualStudioVersion = 17.0.31903.59
MinimumVisualStudioVersion = 10.0.40219.1
Project("{2150E333-8FDC-42A3-9474-1A3956D46DE8}") = "src", "src", "{0D17BF96-5720-4E76-8B64-2A9FC1B2DF24}"
EndProject
Project("{2150E333-8FDC-42A3-9474-1A3956D46DE8}") = "Application", "Application", "{A35D2F08-FC16-457B-8B8E-2DA63135D261}"
EndProject
Project("{FAE04EC0-301F-11D3-BF4B-00C04F79EFBC}") = "CLINICAL.Application.UseCase", "src\Application\CLINICAL.Application.UseCase\CLINICAL.Application.UseCase.csproj", "{51C10558-8666-4629-8AAA-A08ECF4A4A1D}"
EndProject
Project("{FAE04EC0-301F-11D3-BF4B-00C04F79EFBC}") = "CLINICAL.Application.Interface", "src\Application\CLINICAL.Application.Interface\CLINICAL.Application.Interface.csproj", "{A1292079-5D26-47B8-B027-C63CD25B671B}"
EndProject
Project("{FAE04EC0-301F-11D3-BF4B-00C04F79EFBC}") = "CLINICAL.Application.Dtos", "src\Application\CLINICAL.Application.Dtos\CLINICAL.Application.Dtos.csproj", "{C02DEDCF-0E78-41E6-AAFC-534CD10E4A17}"
EndProject
Project("{2150E333-8FDC-42A3-9474-1A3956D46DE8}") = "Services", "Services", "{02E37B4F-2473-4C65-AF12-DA099CC53191}"
EndProject
Project("{FAE04EC0-301F-11D3-BF4B-00C04F79EFBC}") = "CLINICAL.Api", "src\Services\CLINICAL.Api\CLINICAL.Api.csproj", "{811BE2DC-7F41-46E9-9FA9-64B829E57045}"
EndProject
Project("{2150E333-8FDC-42A3-9474-1A3956D46DE8}") = "Infrastructure", "Infrastructure", "{8CE54B3C-D612-4418-AFB4-D6112AEE403D}"
EndProject
Project("{FAE04EC0-301F-11D3-BF4B-00C04F79EFBC}") = "CLINICAL.Persistence", "src\Infrastructure\CLINICAL.Persistence\CLINICAL.Persistence.csproj", "{B78502B9-E947-4814-8276-0B157CFA1CEA}"
EndProject
Project("{FAE04EC0-301F-11D3-BF4B-00C04F79EFBC}") = "CLINICAL.Infrastructure", "src\Infrastructure\CLINICAL.Infrastructure\CLINICAL.Infrastructure.csproj", "{55C46898-6516-495C-882D-47B4E1D0A88D}"
EndProject
Project("{2150E333-8FDC-42A3-9474-1A3956D46DE8}") = "Utilities", "Utilities", "{F9BF63EE-A483-4FDC-A3E8-74D7D11500FF}"
EndProject
Project("{FAE04EC0-301F-11D3-BF4B-00C04F79EFBC}") = "CLINICAL.Utilities", "src\Utilities\CLINICAL.Utilities\CLINICAL.Utilities.csproj", "{3934C071-417E-42AD-A726-8F14DB33B532}"
EndProject
Project("{2150E333-8FDC-42A3-9474-1A3956D46DE8}") = "Domain", "Domain", "{FCF8BC40-0B7A-4598-997D-252986DCE805}"
EndProject
Project("{FAE04EC0-301F-11D3-BF4B-00C04F79EFBC}") = "CLINICAL.Domain", "src\Domain\CLINICAL.Domain\CLINICAL.Domain.csproj", "{49A4535F-6357-4EFF-97F6-EF4415819E27}"
EndProject
Global
	GlobalSection(SolutionConfigurationPlatforms) = preSolution
		Debug|Any CPU = Debug|Any CPU
		Release|Any CPU = Release|Any CPU
	EndGlobalSection
	GlobalSection(SolutionProperties) = preSolution
		HideSolutionNode = FALSE
	EndGlobalSection
	GlobalSection(ProjectConfigurationPlatforms) = postSolution
		{51C10558-8666-4629-8AAA-A08ECF4A4A1D}.Debug|Any CPU.ActiveCfg = Debug|Any CPU
		{51C10558-8666-4629-8AAA-A08ECF4A4A1D}.Debug|Any CPU.Build.0 = Debug|Any CPU
		{51C10558-8666-4629-8AAA-A08ECF4A4A1D}.Release|Any CPU.ActiveCfg = Release|Any CPU
		{51C10558-8666-4629-8AAA-A08ECF4A4A1D}.Release|Any CPU.Build.0 = Release|Any CPU
		{A1292079-5D26-47B8-B027-C63CD25B671B}.Debug|Any CPU.ActiveCfg = Debug|Any CPU
		{A1292079-5D26-47B8-B027-C63CD25B671B}.Debug|Any CPU.Build.0 = Debug|Any CPU
		{A1292079-5D26-47B8-B027-C63CD25B671B}.Release|Any CPU.ActiveCfg = Release|Any CPU
		{A1292079-5D26-47B8-B027-C63CD25B671B}.Release|Any CPU.Build.0 = Release|Any CPU
		{C02DEDCF-0E78-41E6-AAFC-534CD10E4A17}.Debug|Any CPU.ActiveCfg = Debug|Any CPU
		{C02DEDCF-0E78-41E6-AAFC-534CD10E4A17}.Debug|Any CPU.Build.0 = Debug|Any CPU
		{C02DEDCF-0E78-41E6-AAFC-534CD10E4A17}.Release|Any CPU.ActiveCfg = Release|Any CPU
		{C02DEDCF-0E78-41E6-AAFC-534CD10E4A17}.Release|Any CPU.Build.0 = Release|Any CPU
		{811BE2DC-7F41-46E9-9FA9-64B829E57045}.Debug|Any CPU.ActiveCfg = Debug|Any CPU
		{811BE2DC-7F41-46E9-9FA9-64B829E57045}.Debug|Any CPU.Build.0 = Debug|Any CPU
		{811BE2DC-7F41-46E9-9FA9-64B829E57045}.Release|Any CPU.ActiveCfg = Release|Any CPU
		{811BE2DC-7F41-46E9-9FA9-64B829E57045}.Release|Any CPU.Build.0 = Release|Any CPU
		{B78502B9-E947-4814-8276-0B157CFA1CEA}.Debug|Any CPU.ActiveCfg = Debug|Any CPU
		{B78502B9-E947-4814-8276-0B157CFA1CEA}.Debug|Any CPU.Build.0 = Debug|Any CPU
		{B78502B9-E947-4814-8276-0B157CFA1CEA}.Release|Any CPU.ActiveCfg = Release|Any CPU
		{B78502B9-E947-4814-8276-0B157CFA1CEA}.Release|Any CPU.Build.0 = Release|Any CPU
		{55C46898-6516-495C-882D-47B4E1D0A88D}.Debug|Any CPU.ActiveCfg = Debug|Any CPU
		{55C46898-6516-495C-882D-47B4E1D0A88D}.Debug|Any CPU.Build.0 = Debug|Any CPU
		{55C46898-6516-495C-882D-47B4E1D0A88D}.Release|Any CPU.ActiveCfg = Release|Any CPU
		{55C46898-6516-495C-882D-47B4E1D0A88D}.Release|Any CPU.Build.0 = Release|Any CPU
		{3934C071-417E-42AD-A726-8F14DB33B532}.Debug|Any CPU.ActiveCfg = Debug|Any CPU
		{3934C071-417E-42AD-A726-8F14DB33B532}.Debug|Any CPU.Build.0 = Debug|Any CPU
		{3934C071-417E-42AD-A726-8F14DB33B532}.Release|Any CPU.ActiveCfg = Release|Any CPU
		{3934C071-417E-42AD-A726-8F14DB33B532}.Release|Any CPU.Build.0 = Release|Any CPU
		{49A4535F-6357-4EFF-97F6-EF4415819E27}.Debug|Any CPU.ActiveCfg = Debug|Any CPU
		{49A4535F-6357-4EFF-97F6-EF4415819E27}.Debug|Any CPU.Build.0 = Debug|Any CPU
		{49A4535F-6357-4EFF-97F6-EF4415819E27}.Release|Any CPU.ActiveCfg = Release|Any CPU
		{49A4535F-6357-4EFF-97F6-EF4415819E27}.Release|Any CPU.Build.0 = Release|Any CPU
	EndGlobalSection
	GlobalSection(NestedProjects) = preSolution
		{A35D2F08-FC16-457B-8B8E-2DA63135D261} = {0D17BF96-5720-4E76-8B64-2A9FC1B2DF24}
		{51C10558-8666-4629-8AAA-A08ECF4A4A1D} = {A35D2F08-FC16-457B-8B8E-2DA63135D261}
		{A1292079-5D26-47B8-B027-C63CD25B671B} = {A35D2F08-FC16-457B-8B8E-2DA63135D261}
		{C02DEDCF-0E78-41E6-AAFC-534CD10E4A17} = {A35D2F08-FC16-457B-8B8E-2DA63135D261}
		{02E37B4F-2473-4C65-AF12-DA099CC53191} = {0D17BF96-5720-4E76-8B64-2A9FC1B2DF24}
		{811BE2DC-7F41-46E9-9FA9-64B829E57045} = {02E37B4F-2473-4C65-AF12-DA099CC53191}
		{8CE54B3C-D612-4418-AFB4-D6112AEE403D} = {0D17BF96-5720-4E76-8B64-2A9FC1B2DF24}
		{B78502B9-E947-4814-8276-0B157CFA1CEA} = {8CE54B3C-D612-4418-AFB4-D6112AEE403D}
		{55C46898-6516-495C-882D-47B4E1D0A88D} = {8CE54B3C-D612-4418-AFB4-D6112AEE403D}
		{F9BF63EE-A483-4FDC-A3E8-74D7D11500FF} = {0D17BF96-5720-4E76-8B64-2A9FC1B2DF24}
		{3934C071-417E-42AD-A726-8F14DB33B532} = {F9BF63EE-A483-4FDC-A3E8-74D7D11500FF}
		{FCF8BC40-0B7A-4598-997D-252986DCE805} = {0D17BF96-5720-4E76-8B64-2A9FC1B2DF24}
		{49A4535F-6357-4EFF-97F6-EF4415819E27} = {FCF8BC40-0B7A-4598-997D-252986DCE805}
	EndGlobalSection
EndGlobal
